// !$*UTF8*$!
{
	archiveVersion = 1;
	classes = {
	};
	objectVersion = 50;
	objects = {

/* Begin PBXBuildFile section */
		33CA94B826FD11A400CC8695 /* AppDelegate.swift in Sources */ = {isa = PBXBuildFile; fileRef = 33CA94B726FD11A400CC8695 /* AppDelegate.swift */; };
		33CA94BA26FD11A400CC8695 /* SceneDelegate.swift in Sources */ = {isa = PBXBuildFile; fileRef = 33CA94B926FD11A400CC8695 /* SceneDelegate.swift */; };
		33CA94BC26FD11A400CC8695 /* ViewController.swift in Sources */ = {isa = PBXBuildFile; fileRef = 33CA94BB26FD11A400CC8695 /* ViewController.swift */; };
		33CA94BF26FD11A400CC8695 /* Main.storyboard in Resources */ = {isa = PBXBuildFile; fileRef = 33CA94BD26FD11A400CC8695 /* Main.storyboard */; };
		33CA94C126FD11A600CC8695 /* Assets.xcassets in Resources */ = {isa = PBXBuildFile; fileRef = 33CA94C026FD11A600CC8695 /* Assets.xcassets */; };
		33CA94C426FD11A600CC8695 /* LaunchScreen.storyboard in Resources */ = {isa = PBXBuildFile; fileRef = 33CA94C226FD11A600CC8695 /* LaunchScreen.storyboard */; };
		33CA94CC26FD11C600CC8695 /* CustomVFXView.swift in Sources */ = {isa = PBXBuildFile; fileRef = 33CA94CB26FD11C600CC8695 /* CustomVFXView.swift */; };
		33CA94CE26FD3D6700CC8695 /* VFXCell.swift in Sources */ = {isa = PBXBuildFile; fileRef = 33CA94CD26FD3D6700CC8695 /* VFXCell.swift */; };
/* End PBXBuildFile section */

/* Begin PBXFileReference section */
		33CA94B426FD11A400CC8695 /* VFX Blurs.app */ = {isa = PBXFileReference; explicitFileType = wrapper.application; includeInIndex = 0; path = "VFX Blurs.app"; sourceTree = BUILT_PRODUCTS_DIR; };
		33CA94B726FD11A400CC8695 /* AppDelegate.swift */ = {isa = PBXFileReference; lastKnownFileType = sourcecode.swift; path = AppDelegate.swift; sourceTree = "<group>"; };
		33CA94B926FD11A400CC8695 /* SceneDelegate.swift */ = {isa = PBXFileReference; lastKnownFileType = sourcecode.swift; path = SceneDelegate.swift; sourceTree = "<group>"; };
		33CA94BB26FD11A400CC8695 /* ViewController.swift */ = {isa = PBXFileReference; lastKnownFileType = sourcecode.swift; path = ViewController.swift; sourceTree = "<group>"; };
		33CA94BE26FD11A400CC8695 /* Base */ = {isa = PBXFileReference; lastKnownFileType = file.storyboard; name = Base; path = Base.lproj/Main.storyboard; sourceTree = "<group>"; };
		33CA94C026FD11A600CC8695 /* Assets.xcassets */ = {isa = PBXFileReference; lastKnownFileType = folder.assetcatalog; path = Assets.xcassets; sourceTree = "<group>"; };
		33CA94C326FD11A600CC8695 /* Base */ = {isa = PBXFileReference; lastKnownFileType = file.storyboard; name = Base; path = Base.lproj/LaunchScreen.storyboard; sourceTree = "<group>"; };
		33CA94C526FD11A600CC8695 /* Info.plist */ = {isa = PBXFileReference; lastKnownFileType = text.plist.xml; path = Info.plist; sourceTree = "<group>"; };
		33CA94CB26FD11C600CC8695 /* CustomVFXView.swift */ = {isa = PBXFileReference; lastKnownFileType = sourcecode.swift; path = CustomVFXView.swift; sourceTree = "<group>"; };
		33CA94CD26FD3D6700CC8695 /* VFXCell.swift */ = {isa = PBXFileReference; lastKnownFileType = sourcecode.swift; path = VFXCell.swift; sourceTree = "<group>"; };
/* End PBXFileReference section */

/* Begin PBXFrameworksBuildPhase section */
		33CA94B126FD11A400CC8695 /* Frameworks */ = {
			isa = PBXFrameworksBuildPhase;
			buildActionMask = 2147483647;
			files = (
			);
			runOnlyForDeploymentPostprocessing = 0;
		};
/* End PBXFrameworksBuildPhase section */

/* Begin PBXGroup section */
		33CA94AB26FD11A400CC8695 = {
			isa = PBXGroup;
			children = (
				33CA94CD26FD3D6700CC8695 /* VFXCell.swift */,
				33CA94B626FD11A400CC8695 /* VFX Blurs */,
				33CA94B526FD11A400CC8695 /* Products */,
			);
			sourceTree = "<group>";
		};
		33CA94B526FD11A400CC8695 /* Products */ = {
			isa = PBXGroup;
			children = (
				33CA94B426FD11A400CC8695 /* VFX Blurs.app */,
			);
			name = Products;
			sourceTree = "<group>";
		};
		33CA94B626FD11A400CC8695 /* VFX Blurs */ = {
			isa = PBXGroup;
			children = (
				33CA94CB26FD11C600CC8695 /* CustomVFXView.swift */,
				33CA94B726FD11A400CC8695 /* AppDelegate.swift */,
				33CA94B926FD11A400CC8695 /* SceneDelegate.swift */,
				33CA94BB26FD11A400CC8695 /* ViewController.swift */,
				33CA94BD26FD11A400CC8695 /* Main.storyboard */,
				33CA94C026FD11A600CC8695 /* Assets.xcassets */,
				33CA94C226FD11A600CC8695 /* LaunchScreen.storyboard */,
				33CA94C526FD11A600CC8695 /* Info.plist */,
			);
			path = "VFX Blurs";
			sourceTree = "<group>";
		};
/* End PBXGroup section */

/* Begin PBXNativeTarget section */
		33CA94B326FD11A400CC8695 /* VFX Blurs */ = {
			isa = PBXNativeTarget;
			buildConfigurationList = 33CA94C826FD11A600CC8695 /* Build configuration list for PBXNativeTarget "VFX Blurs" */;
			buildPhases = (
				33CA94B026FD11A400CC8695 /* Sources */,
				33CA94B126FD11A400CC8695 /* Frameworks */,
				33CA94B226FD11A400CC8695 /* Resources */,
			);
			buildRules = (
			);
			dependencies = (
			);
			name = "VFX Blurs";
			productName = "VFX Blurs";
			productReference = 33CA94B426FD11A400CC8695 /* VFX Blurs.app */;
			productType = "com.apple.product-type.application";
		};
/* End PBXNativeTarget section */

/* Begin PBXProject section */
		33CA94AC26FD11A400CC8695 /* Project object */ = {
			isa = PBXProject;
			attributes = {
				LastSwiftUpdateCheck = 1250;
				LastUpgradeCheck = 1250;
				TargetAttributes = {
					33CA94B326FD11A400CC8695 = {
						CreatedOnToolsVersion = 12.5;
					};
				};
			};
			buildConfigurationList = 33CA94AF26FD11A400CC8695 /* Build configuration list for PBXProject "VFX Blurs" */;
			compatibilityVersion = "Xcode 9.3";
			developmentRegion = en;
			hasScannedForEncodings = 0;
			knownRegions = (
				en,
				Base,
			);
			mainGroup = 33CA94AB26FD11A400CC8695;
			productRefGroup = 33CA94B526FD11A400CC8695 /* Products */;
			projectDirPath = "";
			projectRoot = "";
			targets = (
				33CA94B326FD11A400CC8695 /* VFX Blurs */,
			);
		};
/* End PBXProject section */

/* Begin PBXResourcesBuildPhase section */
		33CA94B226FD11A400CC8695 /* Resources */ = {
			isa = PBXResourcesBuildPhase;
			buildActionMask = 2147483647;
			files = (
				33CA94C426FD11A600CC8695 /* LaunchScreen.storyboard in Resources */,
				33CA94C126FD11A600CC8695 /* Assets.xcassets in Resources */,
				33CA94BF26FD11A400CC8695 /* Main.storyboard in Resources */,
			);
			runOnlyForDeploymentPostprocessing = 0;
		};
/* End PBXResourcesBuildPhase section */

/* Begin PBXSourcesBuildPhase section */
		33CA94B026FD11A400CC8695 /* Sources */ = {
			isa = PBXSourcesBuildPhase;
			buildActionMask = 2147483647;
			files = (
				33CA94CC26FD11C600CC8695 /* CustomVFXView.swift in Sources */,
				33CA94BC26FD11A400CC8695 /* ViewController.swift in Sources */,
				33CA94CE26FD3D6700CC8695 /* VFXCell.swift in Sources */,
				33CA94B826FD11A400CC8695 /* AppDelegate.swift in Sources */,
				33CA94BA26FD11A400CC8695 /* SceneDelegate.swift in Sources */,
			);
			runOnlyForDeploymentPostprocessing = 0;
		};
/* End PBXSourcesBuildPhase section */

/* Begin PBXVariantGroup section */
		33CA94BD26FD11A400CC8695 /* Main.storyboard */ = {
			isa = PBXVariantGroup;
			children = (
				33CA94BE26FD11A400CC8695 /* Base */,
			);
			name = Main.storyboard;
			sourceTree = "<group>";
		};
		33CA94C226FD11A600CC8695 /* LaunchScreen.storyboard */ = {
			isa = PBXVariantGroup;
			children = (
				33CA94C326FD11A600CC8695 /* Base */,
			);
			name = LaunchScreen.storyboard;
			sourceTree = "<group>";
		};
/* End PBXVariantGroup section */

/* Begin XCBuildConfiguration section */
		33CA94C626FD11A600CC8695 /* Debug */ = {
			isa = XCBuildConfiguration;
			buildSettings = {
				ALWAYS_SEARCH_USER_PATHS = NO;
				CLANG_ANALYZER_NONNULL = YES;
				CLANG_ANALYZER_NUMBER_OBJECT_CONVERSION = YES_AGGRESSIVE;
				CLANG_CXX_LANGUAGE_STANDARD = "gnu++14";
				CLANG_CXX_LIBRARY = "libc++";
				CLANG_ENABLE_MODULES = YES;
				CLANG_ENABLE_OBJC_ARC = YES;
				CLANG_ENABLE_OBJC_WEAK = YES;
				CLANG_WARN_BLOCK_CAPTURE_AUTORELEASING = YES;
				CLANG_WARN_BOOL_CONVERSION = YES;
				CLANG_WARN_COMMA = YES;
				CLANG_WARN_CONSTANT_CONVERSION = YES;
				CLANG_WARN_DEPRECATED_OBJC_IMPLEMENTATIONS = YES;
				CLANG_WARN_DIRECT_OBJC_ISA_USAGE = YES_ERROR;
				CLANG_WARN_DOCUMENTATION_COMMENTS = YES;
				CLANG_WARN_EMPTY_BODY = YES;
				CLANG_WARN_ENUM_CONVERSION = YES;
				CLANG_WARN_INFINITE_RECURSION = YES;
				CLANG_WARN_INT_CONVERSION = YES;
				CLANG_WARN_NON_LITERAL_NULL_CONVERSION = YES;
				CLANG_WARN_OBJC_IMPLICIT_RETAIN_SELF = YES;
				CLANG_WARN_OBJC_LITERAL_CONVERSION = YES;
				CLANG_WARN_OBJC_ROOT_CLASS = YES_ERROR;
				CLANG_WARN_QUOTED_INCLUDE_IN_FRAMEWORK_HEADER = YES;
				CLANG_WARN_RANGE_LOOP_ANALYSIS = YES;
				CLANG_WARN_STRICT_PROTOTYPES = YES;
				CLANG_WARN_SUSPICIOUS_MOVE = YES;
				CLANG_WARN_UNGUARDED_AVAILABILITY = YES_AGGRESSIVE;
				CLANG_WARN_UNREACHABLE_CODE = YES;
				CLANG_WARN__DUPLICATE_METHOD_MATCH = YES;
				COPY_PHASE_STRIP = NO;
				DEBUG_INFORMATION_FORMAT = dwarf;
				ENABLE_STRICT_OBJC_MSGSEND = YES;
				ENABLE_TESTABILITY = YES;
				GCC_C_LANGUAGE_STANDARD = gnu11;
				GCC_DYNAMIC_NO_PIC = NO;
				GCC_NO_COMMON_BLOCKS = YES;
				GCC_OPTIMIZATION_LEVEL = 0;
				GCC_PREPROCESSOR_DEFINITIONS = (
					"DEBUG=1",
					"$(inherited)",
				);
				GCC_WARN_64_TO_32_BIT_CONVERSION = YES;
				GCC_WARN_ABOUT_RETURN_TYPE = YES_ERROR;
				GCC_WARN_UNDECLARED_SELECTOR = YES;
				GCC_WARN_UNINITIALIZED_AUTOS = YES_AGGRESSIVE;
				GCC_WARN_UNUSED_FUNCTION = YES;
				GCC_WARN_UNUSED_VARIABLE = YES;
				IPHONEOS_DEPLOYMENT_TARGET = 14.5;
				MTL_ENABLE_DEBUG_INFO = INCLUDE_SOURCE;
				MTL_FAST_MATH = YES;
				ONLY_ACTIVE_ARCH = YES;
				SDKROOT = iphoneos;
				SWIFT_ACTIVE_COMPILATION_CONDITIONS = DEBUG;
				SWIFT_OPTIMIZATION_LEVEL = "-Onone";
			};
			name = Debug;
		};
		33CA94C726FD11A600CC8695 /* Release */ = {
			isa = XCBuildConfiguration;
			buildSettings = {
				ALWAYS_SEARCH_USER_PATHS = NO;
				CLANG_ANALYZER_NONNULL = YES;
				CLANG_ANALYZER_NUMBER_OBJECT_CONVERSION = YES_AGGRESSIVE;
				CLANG_CXX_LANGUAGE_STANDARD = "gnu++14";
				CLANG_CXX_LIBRARY = "libc++";
				CLANG_ENABLE_MODULES = YES;
				CLANG_ENABLE_OBJC_ARC = YES;
				CLANG_ENABLE_OBJC_WEAK = YES;
				CLANG_WARN_BLOCK_CAPTURE_AUTORELEASING = YES;
				CLANG_WARN_BOOL_CONVERSION = YES;
				CLANG_WARN_COMMA = YES;
				CLANG_WARN_CONSTANT_CONVERSION = YES;
				CLANG_WARN_DEPRECATED_OBJC_IMPLEMENTATIONS = YES;
				CLANG_WARN_DIRECT_OBJC_ISA_USAGE = YES_ERROR;
				CLANG_WARN_DOCUMENTATION_COMMENTS = YES;
				CLANG_WARN_EMPTY_BODY = YES;
				CLANG_WARN_ENUM_CONVERSION = YES;
				CLANG_WARN_INFINITE_RECURSION = YES;
				CLANG_WARN_INT_CONVERSION = YES;
				CLANG_WARN_NON_LITERAL_NULL_CONVERSION = YES;
				CLANG_WARN_OBJC_IMPLICIT_RETAIN_SELF = YES;
				CLANG_WARN_OBJC_LITERAL_CONVERSION = YES;
				CLANG_WARN_OBJC_ROOT_CLASS = YES_ERROR;
				CLANG_WARN_QUOTED_INCLUDE_IN_FRAMEWORK_HEADER = YES;
				CLANG_WARN_RANGE_LOOP_ANALYSIS = YES;
				CLANG_WARN_STRICT_PROTOTYPES = YES;
				CLANG_WARN_SUSPICIOUS_MOVE = YES;
				CLANG_WARN_UNGUARDED_AVAILABILITY = YES_AGGRESSIVE;
				CLANG_WARN_UNREACHABLE_CODE = YES;
				CLANG_WARN__DUPLICATE_METHOD_MATCH = YES;
				COPY_PHASE_STRIP = NO;
				DEBUG_INFORMATION_FORMAT = "dwarf-with-dsym";
				ENABLE_NS_ASSERTIONS = NO;
				ENABLE_STRICT_OBJC_MSGSEND = YES;
				GCC_C_LANGUAGE_STANDARD = gnu11;
				GCC_NO_COMMON_BLOCKS = YES;
				GCC_WARN_64_TO_32_BIT_CONVERSION = YES;
				GCC_WARN_ABOUT_RETURN_TYPE = YES_ERROR;
				GCC_WARN_UNDECLARED_SELECTOR = YES;
				GCC_WARN_UNINITIALIZED_AUTOS = YES_AGGRESSIVE;
				GCC_WARN_UNUSED_FUNCTION = YES;
				GCC_WARN_UNUSED_VARIABLE = YES;
				IPHONEOS_DEPLOYMENT_TARGET = 14.5;
				MTL_ENABLE_DEBUG_INFO = NO;
				MTL_FAST_MATH = YES;
				SDKROOT = iphoneos;
				SWIFT_COMPILATION_MODE = wholemodule;
				SWIFT_OPTIMIZATION_LEVEL = "-O";
				VALIDATE_PRODUCT = YES;
			};
			name = Release;
		};
		33CA94C926FD11A600CC8695 /* Debug */ = {
			isa = XCBuildConfiguration;
			buildSettings = {
				ASSETCATALOG_COMPILER_APPICON_NAME = AppIcon;
				ASSETCATALOG_COMPILER_GLOBAL_ACCENT_COLOR_NAME = AccentColor;
				CODE_SIGN_STYLE = Automatic;
				DEVELOPMENT_TEAM = L5UZAT7KA9;
				INFOPLIST_FILE = "VFX Blurs/Info.plist";
				LD_RUNPATH_SEARCH_PATHS = (
					"$(inherited)",
					"@executable_path/Frameworks",
				);
				PRODUCT_BUNDLE_IDENTIFIER = "com.redeggproductions.VFX-Blurs";
				PRODUCT_NAME = "$(TARGET_NAME)";
				SWIFT_VERSION = 5.0;
				TARGETED_DEVICE_FAMILY = "1,2";
			};
			name = Debug;
		};
		33CA94CA26FD11A600CC8695 /* Release */ = {
			isa = XCBuildConfiguration;
			buildSettings = {
				ASSETCATALOG_COMPILER_APPICON_NAME = AppIcon;
				ASSETCATALOG_COMPILER_GLOBAL_ACCENT_COLOR_NAME = AccentColor;
				CODE_SIGN_STYLE = Automatic;
				DEVELOPMENT_TEAM = L5UZAT7KA9;
				INFOPLIST_FILE = "VFX Blurs/Info.plist";
				LD_RUNPATH_SEARCH_PATHS = (
					"$(inherited)",
					"@executable_path/Frameworks",
				);
				PRODUCT_BUNDLE_IDENTIFIER = "com.redeggproductions.VFX-Blurs";
				PRODUCT_NAME = "$(TARGET_NAME)";
				SWIFT_VERSION = 5.0;
				TARGETED_DEVICE_FAMILY = "1,2";
			};
			name = Release;
		};
/* End XCBuildConfiguration section */

/* Begin XCConfigurationList section */
		33CA94AF26FD11A400CC8695 /* Build configuration list for PBXProject "VFX Blurs" */ = {
			isa = XCConfigurationList;
			buildConfigurations = (
				33CA94C626FD11A600CC8695 /* Debug */,
				33CA94C726FD11A600CC8695 /* Release */,
			);
			defaultConfigurationIsVisible = 0;
			defaultConfigurationName = Release;
		};
		33CA94C826FD11A600CC8695 /* Build configuration list for PBXNativeTarget "VFX Blurs" */ = {
			isa = XCConfigurationList;
			buildConfigurations = (
				33CA94C926FD11A600CC8695 /* Debug */,
				33CA94CA26FD11A600CC8695 /* Release */,
			);
			defaultConfigurationIsVisible = 0;
			defaultConfigurationName = Release;
		};
/* End XCConfigurationList section */
	};
	rootObject = 33CA94AC26FD11A400CC8695 /* Project object */;
}
